# This file is automatically @generated by Cargo.
# It is not intended for manual editing.
version = 3

[[package]]
name = "bitflags"
version = "0.3.3"
source = "registry+https://github.com/rust-lang/crates.io-index"
checksum = "32866f4d103c4e438b1db1158aa1b1a80ee078e5d77a59a2f906fd62a577389c"

[[package]]
name = "byteorder"
version = "0.5.1"
source = "registry+https://github.com/rust-lang/crates.io-index"
checksum = "e4ca3a1755927e5b00c3fe43250053b957b5c074d9f17782b88ef7aa0fb4dfe2"

[[package]]
name = "bytes"
version = "0.3.0"
source = "registry+https://github.com/rust-lang/crates.io-index"
checksum = "c129aff112dcc562970abb69e2508b40850dd24c274761bb50fb8a0067ba6c27"

[[package]]
name = "cfg-if"
version = "0.1.0"
source = "registry+https://github.com/rust-lang/crates.io-index"
checksum = "de1e760d7b6535af4241fca8bd8adf68e2e7edacc6b29f5d399050c5e48cf88c"

[[package]]
name = "gcc"
version = "0.3.26"
source = "registry+https://github.com/rust-lang/crates.io-index"
checksum = "3337bf4deec8dd33c331a62b59708f5b438779b8089b1888d56976ac2c325d3e"

[[package]]
name = "http-muncher"
version = "0.2.3"
source = "registry+https://github.com/rust-lang/crates.io-index"
checksum = "999514617a5f6e617448c5f1183748a572479bda2fcf539ac43ecd8eb3dee4bd"
dependencies = [
 "gcc",
 "libc 0.2.146",
]

[[package]]
name = "kernel32-sys"
version = "0.2.1"
source = "registry+https://github.com/rust-lang/crates.io-index"
checksum = "b5b5e7edf375e6d26243bde172f1d5ed1446f4a766fc9b7006e1fd27258243f1"
dependencies = [
 "winapi 0.2.6",
 "winapi-build",
]

[[package]]
name = "libc"
version = "0.1.12"
source = "registry+https://github.com/rust-lang/crates.io-index"
checksum = "e32a70cf75e5846d53a673923498228bbec6a8624708a9ea5645f075d6276122"

[[package]]
name = "libc"
version = "0.2.146"
source = "registry+https://github.com/rust-lang/crates.io-index"
checksum = "f92be4933c13fd498862a9e02a3055f8a8d9c039ce33db97306fd5a6caa7f29b"

[[package]]
name = "log"
version = "0.3.5"
source = "registry+https://github.com/rust-lang/crates.io-index"
checksum = "038b5d13189a14e5b6ac384fdb7c691a45ef0885f6d2dddbf422e6c3506b8234"
dependencies = [
 "libc 0.2.146",
]

[[package]]
name = "mio"
version = "0.5.0"
source = "registry+https://github.com/rust-lang/crates.io-index"
checksum = "7b506ea50508bd30f10fd9eca67095a3f22ca63dc7c0415634cac28ff23a3faa"
dependencies = [
 "bytes",
 "libc 0.1.12",
 "log",
 "miow",
 "net2",
 "nix",
 "slab",
 "time",
 "winapi 0.2.6",
]

[[package]]
name = "miow"
version = "0.1.2"
source = "registry+https://github.com/rust-lang/crates.io-index"
checksum = "4e93d633d34b8ff65a24566d67d49703e7a5c7ac2844d6139a9fc441a799e89a"
dependencies = [
 "kernel32-sys",
 "net2",
 "winapi 0.2.6",
 "ws2_32-sys",
]

[[package]]
name = "net2"
version = "0.2.38"
source = "registry+https://github.com/rust-lang/crates.io-index"
checksum = "74d0df99cfcd2530b2e694f6e17e7f37b8e26bb23983ac530c0c97408837c631"
dependencies = [
 "cfg-if",
 "libc 0.2.146",
 "winapi 0.3.9",
]

[[package]]
name = "nix"
version = "0.4.2"
source = "registry+https://github.com/rust-lang/crates.io-index"
checksum = "afbbf1030ee400300c3baacae708faca40231046f20b2664b161508c7959adde"
dependencies = [
 "bitflags",
 "libc 0.1.12",
]

[[package]]
name = "rustc-serialize"
version = "0.3.19"
source = "registry+https://github.com/rust-lang/crates.io-index"
checksum = "6159e4e6e559c81bd706afe9c8fd68f547d3e851ce12e76b1de7914bab61691b"

[[package]]
name = "rusty_sockets"
version = "0.1.0"
dependencies = [
 "http-muncher",
 "mio",
 "rustc-serialize",
 "sha1",
]

[[package]]
name = "sha1"
version = "0.1.1"
source = "registry+https://github.com/rust-lang/crates.io-index"
checksum = "a307a40d5834140e4213a6952483b84e9ad53bdcab918b7335a6e305e505a53c"
dependencies = [
 "byteorder",
]

[[package]]
name = "slab"
version = "0.1.3"
source = "registry+https://github.com/rust-lang/crates.io-index"
checksum = "d807fd58c4181bbabed77cb3b891ba9748241a552bcc5be698faaebefc54f46e"

[[package]]
name = "time"
version = "0.1.34"
source = "registry+https://github.com/rust-lang/crates.io-index"
checksum = "8c4aeaa1c95974f5763c3a5ac0db95a19793589bcea5d22e161b5587e3aad029"
dependencies = [
 "kernel32-sys",
 "libc 0.2.146",
 "winapi 0.2.6",
]

[[package]]
name = "winapi"
version = "0.2.6"
source = "registry+https://github.com/rust-lang/crates.io-index"
checksum = "4dfaaa8fbdaa618fa6914b59b2769d690dd7521920a18d84b42d254678dd5fd4"

[[package]]
name = "winapi"
version = "0.3.9"
source = "registry+https://github.com/rust-lang/crates.io-index"
checksum = "5c839a674fcd7a98952e593242ea400abe93992746761e38641405d28b00f419"
dependencies = [
 "winapi-i686-pc-windows-gnu",
 "winapi-x86_64-pc-windows-gnu",
]

[[package]]
name = "winapi-build"
version = "0.1.1"
source = "registry+https://github.com/rust-lang/crates.io-index"
checksum = "2d315eee3b34aca4797b2da6b13ed88266e6d612562a0c46390af8299fc699bc"

[[package]]
name = "winapi-i686-pc-windows-gnu"
version = "0.4.0"
source = "registry+https://github.com/rust-lang/crates.io-index"
checksum = "ac3b87c63620426dd9b991e5ce0329eff545bccbbb34f3be09ff6fb6ab51b7b6"

[[package]]
name = "winapi-x86_64-pc-windows-gnu"
version = "0.4.0"
source = "registry+https://github.com/rust-lang/crates.io-index"
checksum = "712e227841d057c1ee1cd2fb22fa7e5a5461ae8e48fa2ca79ec42cfc1931183f"

[[package]]
name = "ws2_32-sys"
version = "0.2.1"
source = "registry+https://github.com/rust-lang/crates.io-index"
checksum = "d59cefebd0c892fa2dd6de581e937301d8552cb44489cdff035c6187cb63fa5e"
dependencies = [
 "winapi 0.2.6",
 "winapi-build",
]
